PODS:
  - AFNetworking/NSURLSession (3.1.0):
    - AFNetworking/Reachability
    - AFNetworking/Security
    - AFNetworking/Serialization
  - AFNetworking/Reachability (3.1.0)
  - AFNetworking/Security (3.1.0)
  - AFNetworking/Serialization (3.1.0)
  - Mantle (2.1.0):
    - Mantle/extobjc (= 2.1.0)
  - Mantle/extobjc (2.1.0)
  - MTLManagedObjectAdapter (1.0.3):
    - Mantle (~> 2.0)
    - MTLManagedObjectAdapter/extobjc (= 1.0.3)
  - MTLManagedObjectAdapter/extobjc (1.0.3):
    - Mantle (~> 2.0)
  - OHHTTPStubs (5.2.2):
    - OHHTTPStubs/Default (= 5.2.2)
  - OHHTTPStubs/Core (5.2.2)
  - OHHTTPStubs/Default (5.2.2):
    - OHHTTPStubs/Core
    - OHHTTPStubs/JSON
    - OHHTTPStubs/NSURLSession
    - OHHTTPStubs/OHPathHelpers
  - OHHTTPStubs/JSON (5.2.2):
    - OHHTTPStubs/Core
  - OHHTTPStubs/NSURLSession (5.2.2):
    - OHHTTPStubs/Core
  - OHHTTPStubs/OHPathHelpers (5.2.2)
  - Overcoat_Pitometsu (4.0.1):
    - AFNetworking/NSURLSession (~> 3.0)
    - AFNetworking/Serialization (~> 3.0)
    - Mantle (~> 2.0)
  - Overcoat_Pitometsu+CoreData (4.0.1):
    - MTLManagedObjectAdapter (> 1.0)
    - Overcoat_Pitometsu (~> 4.0.1)
  - Overcoat_Pitometsu+PromiseKit (4.0.1):
    - Overcoat_Pitometsu (~> 4.0.1)
    - PromiseKit/CorePromise (> 2)
  - Overcoat_Pitometsu+ReactiveCocoa (4.0.1):
    - Overcoat_Pitometsu (~> 4.0.1)
    - ReactiveObjC (~> 2.1)
  - PromiseKit/CorePromise (4.1.7)
  - ReactiveObjC (2.1.2)

DEPENDENCIES:
  - OHHTTPStubs
  - Overcoat_Pitometsu (from `.`)
  - Overcoat_Pitometsu+CoreData (from `.`)
  - Overcoat_Pitometsu+PromiseKit (from `.`)
  - Overcoat_Pitometsu+ReactiveCocoa (from `.`)

EXTERNAL SOURCES:
  Overcoat_Pitometsu:
    :path: "."
  Overcoat_Pitometsu+CoreData:
    :path: "."
  Overcoat_Pitometsu+PromiseKit:
    :path: "."
  Overcoat_Pitometsu+ReactiveCocoa:
    :path: "."

SPEC CHECKSUMS:
  AFNetworking: 5e0e199f73d8626b11e79750991f5d173d1f8b67
  Mantle: 2fa750afa478cd625a94230fbf1c13462f29395b
  MTLManagedObjectAdapter: 631a53432675dcf03a9d90624afb3cececf54631
  OHHTTPStubs: 34d9d0994e64fcf8552dbfade5ce82ada913ee31
  Overcoat_Pitometsu: 689e867b7278d5001d02fe70329bdcbde10d484c
  Overcoat_Pitometsu+CoreData: 2867a40b7fc2b81b6f0f1fbcec352ec958915f56
  Overcoat_Pitometsu+PromiseKit: 8e4ae62af8c847a15b0ccba8ccfdfd490a522ba8
  Overcoat_Pitometsu+ReactiveCocoa: 36b26abbc9b9a2a5198ea757588b89a03552d2c6
  PromiseKit: 779f2e41faf62d854e7593026ddbcb0bb5c5002d
  ReactiveObjC: 7b6782ae39f9ac0f57205c3b0c0b69b9dd7048c0

PODFILE CHECKSUM: '0779e79a50d7a6b0ea8f7317eea930eb472bf926'

COCOAPODS: 1.1.1
